
Microsoft Visual Studio Solution File, Format Version 12.00
# Visual Studio Version 17
VisualStudioVersion = 17.7.34018.315
MinimumVisualStudioVersion = 10.0.40219.1
Project("{FAE04EC0-301F-11D3-BF4B-00C04F79EFBC}") = "ConsoleApp4", "ConsoleApp4\ConsoleApp4.csproj", "{0CFF2996-FB3D-4A02-BFDD-8F7CA05D6D2A}"
EndProject
Global
	GlobalSection(SolutionConfigurationPlatforms) = preSolution
		Debug|Any CPU = Debug|Any CPU
		Release|Any CPU = Release|Any CPU
	EndGlobalSection
	GlobalSection(ProjectConfigurationPlatforms) = postSolution
		{0CFF2996-FB3D-4A02-BFDD-8F7CA05D6D2A}.Debug|Any CPU.ActiveCfg = Debug|Any CPU
		{0CFF2996-FB3D-4A02-BFDD-8F7CA05D6D2A}.Debug|Any CPU.Build.0 = Debug|Any CPU
		{0CFF2996-FB3D-4A02-BFDD-8F7CA05D6D2A}.Release|Any CPU.ActiveCfg = Release|Any CPU
		{0CFF2996-FB3D-4A02-BFDD-8F7CA05D6D2A}.Release|Any CPU.Build.0 = Release|Any CPU
	EndGlobalSection
	GlobalSection(SolutionProperties) = preSolution
		HideSolutionNode = FALSE
	EndGlobalSection
	GlobalSection(ExtensibilityGlobals) = postSolution
		SolutionGuid = {3ED03155-8B8B-41ED-AE9E-7421A1023B6E}
	EndGlobalSection
EndGlobal
